
Microsoft Visual Studio Solution File, Format Version 12.00
# Visual Studio Version 17
VisualStudioVersion = 17.11.35208.52
MinimumVisualStudioVersion = 10.0.40219.1
Project("{FAE04EC0-301F-11D3-BF4B-00C04F79EFBC}") = "Variables_Exercise1", "Variables_Exercise1\Variables_Exercise1.csproj", "{7B1B319A-DA3D-4C72-86D0-FA166EA0CEE6}"
EndProject
Global
	GlobalSection(SolutionConfigurationPlatforms) = preSolution
		Debug|Any CPU = Debug|Any CPU
		Release|Any CPU = Release|Any CPU
	EndGlobalSection
	GlobalSection(ProjectConfigurationPlatforms) = postSolution
		{7B1B319A-DA3D-4C72-86D0-FA166EA0CEE6}.Debug|Any CPU.ActiveCfg = Debug|Any CPU
		{7B1B319A-DA3D-4C72-86D0-FA166EA0CEE6}.Debug|Any CPU.Build.0 = Debug|Any CPU
		{7B1B319A-DA3D-4C72-86D0-FA166EA0CEE6}.Release|Any CPU.ActiveCfg = Release|Any CPU
		{7B1B319A-DA3D-4C72-86D0-FA166EA0CEE6}.Release|Any CPU.Build.0 = Release|Any CPU
	EndGlobalSection
	GlobalSection(SolutionProperties) = preSolution
		HideSolutionNode = FALSE
	EndGlobalSection
	GlobalSection(ExtensibilityGlobals) = postSolution
		SolutionGuid = {4D2441DC-8B0E-4E72-86F5-6BE627EB53FF}
	EndGlobalSection
EndGlobal
